# This file is automatically @generated by Poetry 2.1.4 and should not be changed by hand.

[[package]]
name = "poweretl-common"
version = "0.1.0"
description = ""
optional = false
python-versions = ">=3.13"
groups = ["main", "dev"]
files = [
    {file = "poweretl_common-0.1.0-py3-none-any.whl", hash = "sha256:05fdc02b66066d2ba267b50c8ba8429dd20ebe98abace803114fd8d1863ee24d"},
]

[package.dependencies]
poweretl-defs = "*"

[package.source]
type = "file"
url = "../common/dist/poweretl_common-0.1.0-py3-none-any.whl"

[[package]]
name = "poweretl-defs"
version = "0.1.0"
description = ""
optional = false
python-versions = ">=3.13"
groups = ["main", "dev"]
files = [
    {file = "poweretl_defs-0.1.0-py3-none-any.whl", hash = "sha256:a95351dedda220cf9cc20e3e81e275cb0cea8aa752f710641d61f731753354f6"},
]

[package.source]
type = "file"
url = "../defs/dist/poweretl_defs-0.1.0-py3-none-any.whl"

[metadata]
lock-version = "2.1"
python-versions = ">=3.13"
content-hash = "31646a5cf89b548293d8e6d7261a9268b8b0784604cc713d39221acc756d8fac"
