# This file is automatically @generated by Poetry 2.1.4 and should not be changed by hand.

[[package]]
name = "poweretl-common"
version = "0.1.0"
description = ""
optional = false
python-versions = ">=3.13"
groups = ["main", "dev"]
files = [
    {file = "poweretl_common-0.1.0-py3-none-any.whl", hash = "sha256:20eafe33004ca66790370b2a4599c24e0e8437065da8cc366a47d42681dbe4f3"},
]

[package.dependencies]
poweretl-defs = "*"

[package.source]
type = "file"
url = "../common/dist/poweretl_common-0.1.0-py3-none-any.whl"

[[package]]
name = "poweretl-databricks"
version = "0.1.0"
description = ""
optional = false
python-versions = ">=3.13"
groups = ["main", "dev"]
files = [
    {file = "poweretl_databricks-0.1.0-py3-none-any.whl", hash = "sha256:f1232b0c5a005aa1b15cc625400e06c4b11170a0b0b9a5973e6775ca8d537ca2"},
]

[package.dependencies]
poweretl-common = "*"

[package.source]
type = "file"
url = "../databricks/dist/poweretl_databricks-0.1.0-py3-none-any.whl"

[[package]]
name = "poweretl-defs"
version = "0.1.0"
description = ""
optional = false
python-versions = ">=3.13"
groups = ["main", "dev"]
files = [
    {file = "poweretl_defs-0.1.0-py3-none-any.whl", hash = "sha256:c714acd7541510ee8a0276b02f1da07bdac135e03df1b0bc58ab642334011236"},
]

[package.source]
type = "file"
url = "../defs/dist/poweretl_defs-0.1.0-py3-none-any.whl"

[metadata]
lock-version = "2.1"
python-versions = ">=3.13"
content-hash = "cb8b711199eb01fcefddf5b6d4583a6f89fb051dc339dfecd71ea836edb21d1d"
