# This file is automatically @generated by Poetry 2.2.0 and should not be changed by hand.

[[package]]
name = "poweretl-common"
version = "0.1.0"
description = ""
optional = false
python-versions = ">=3.13"
groups = ["main", "dev"]
files = [
    {file = "poweretl_common-0.1.0-py3-none-any.whl", hash = "sha256:62d2cd748671c236d6745478c4ec0c7dc065b756461379487ebcf6099114053e"},
]

[package.dependencies]
poweretl-defs = "*"

[package.source]
type = "file"
url = "../common/dist/poweretl_common-0.1.0-py3-none-any.whl"

[[package]]
name = "poweretl-databricks"
version = "0.1.0"
description = ""
optional = false
python-versions = ">=3.13"
groups = ["main", "dev"]
files = [
    {file = "poweretl_databricks-0.1.0-py3-none-any.whl", hash = "sha256:0923d5545cfc980dab0051ebc22b4a541fffbc3e324fe91585f72049acc9af25"},
]

[package.dependencies]
poweretl-common = "*"

[package.source]
type = "file"
url = "../databricks/dist/poweretl_databricks-0.1.0-py3-none-any.whl"

[[package]]
name = "poweretl-defs"
version = "0.1.0"
description = ""
optional = false
python-versions = ">=3.13"
groups = ["main", "dev"]
files = [
    {file = "poweretl_defs-0.1.0-py3-none-any.whl", hash = "sha256:f6512bf9b63fe0918f76934aa0eab51f006f6866a0395e29138705c70672c042"},
]

[package.source]
type = "file"
url = "../defs/dist/poweretl_defs-0.1.0-py3-none-any.whl"

[metadata]
lock-version = "2.1"
python-versions = ">=3.13"
content-hash = "cb8b711199eb01fcefddf5b6d4583a6f89fb051dc339dfecd71ea836edb21d1d"
