# This file is automatically @generated by Poetry 2.1.4 and should not be changed by hand.

[[package]]
name = "poweretl-defs"
version = "0.1.0"
description = ""
optional = false
python-versions = ">=3.13"
groups = ["main", "dev"]
files = [
    {file = "poweretl_defs-0.1.0-py3-none-any.whl", hash = "sha256:a95351dedda220cf9cc20e3e81e275cb0cea8aa752f710641d61f731753354f6"},
]

[package.source]
type = "file"
url = "../defs/dist/poweretl_defs-0.1.0-py3-none-any.whl"

[metadata]
lock-version = "2.1"
python-versions = ">=3.13"
content-hash = "47550a242a3f82267720e608bf663f50e610ec2a373ad1ed5fd7e22063b227eb"
